
Microsoft Visual Studio Solution File, Format Version 12.00
# Visual Studio Version 16
VisualStudioVersion = 16.0.30114.105
MinimumVisualStudioVersion = 10.0.40219.1
Project("{FAE04EC0-301F-11D3-BF4B-00C04F79EFBC}") = "Fibonacci", "Fibonacci\Fibonacci.csproj", "{2CAA424B-E5BF-413F-8FB7-2D65A2858474}"
EndProject
Global
	GlobalSection(SolutionConfigurationPlatforms) = preSolution
		Debug|Any CPU = Debug|Any CPU
		Release|Any CPU = Release|Any CPU
	EndGlobalSection
	GlobalSection(ProjectConfigurationPlatforms) = postSolution
		{2CAA424B-E5BF-413F-8FB7-2D65A2858474}.Debug|Any CPU.ActiveCfg = Debug|Any CPU
		{2CAA424B-E5BF-413F-8FB7-2D65A2858474}.Debug|Any CPU.Build.0 = Debug|Any CPU
		{2CAA424B-E5BF-413F-8FB7-2D65A2858474}.Release|Any CPU.ActiveCfg = Release|Any CPU
		{2CAA424B-E5BF-413F-8FB7-2D65A2858474}.Release|Any CPU.Build.0 = Release|Any CPU
	EndGlobalSection
	GlobalSection(SolutionProperties) = preSolution
		HideSolutionNode = FALSE
	EndGlobalSection
	GlobalSection(ExtensibilityGlobals) = postSolution
		SolutionGuid = {2D368CFE-C7DD-49AD-B447-AC1C615B2400}
	EndGlobalSection
EndGlobal
